{
  "version": 4,
  "terraform_version": "1.0.7",
  "serial": 34,
  "lineage": "f2a816cd-59fc-2eb9-17e7-dd9c541ba2f0",
  "outputs": {},
  "resources": [
    {
      "mode": "data",
      "type": "google_monitoring_notification_channel",
      "name": "Alerts",
      "provider": "provider[\"registry.terraform.io/hashicorp/google\"]",
      "instances": [
        {
          "schema_version": 0,
          "attributes": {
            "description": "",
            "display_name": "Alerts",
            "enabled": true,
            "id": "projects/testdemo-323319/notificationChannels/12725270522452003370",
            "labels": {
              "email_address": "vanapriyapuppy@gmail.com"
            },
            "name": "projects/testdemo-323319/notificationChannels/12725270522452003370",
            "project": "testdemo-323319",
            "sensitive_labels": null,
            "type": "email",
            "user_labels": {},
            "verification_status": ""
          },
          "sensitive_attributes": []
        }
      ]
    },
    {
      "mode": "managed",
      "type": "google_monitoring_group",
      "name": "check",
      "provider": "provider[\"registry.terraform.io/hashicorp/google\"]",
      "instances": [
        {
          "schema_version": 0,
          "attributes": {
            "display_name": "rj-group",
            "filter": "resource.metadata.region=\"europe-west2\"",
            "id": "projects/testdemo-323319/groups/7421471056969065258",
            "is_cluster": false,
            "name": "projects/testdemo-323319/groups/7421471056969065258",
            "parent_name": "",
            "project": "testdemo-323319",
            "timeouts": null
          },
          "sensitive_attributes": [],
          "private": "eyJlMmJmYjczMC1lY2FhLTExZTYtOGY4OC0zNDM2M2JjN2M0YzAiOnsiY3JlYXRlIjoyNDAwMDAwMDAwMDAsImRlbGV0ZSI6MjQwMDAwMDAwMDAwLCJ1cGRhdGUiOjI0MDAwMDAwMDAwMH19"
        }
      ]
    },
    {
      "mode": "managed",
      "type": "google_monitoring_notification_channel",
      "name": "basic",
      "provider": "provider[\"registry.terraform.io/hashicorp/google\"]",
      "instances": [
        {
          "schema_version": 0,
          "attributes": {
            "description": "",
            "display_name": "CPU Utilization Email Channel",
            "enabled": true,
            "id": "projects/testdemo-323319/notificationChannels/10429788256984828584",
            "labels": {
              "email_address": "thangarasuravichandran96@gmail.com"
            },
            "name": "projects/testdemo-323319/notificationChannels/10429788256984828584",
            "project": "testdemo-323319",
            "sensitive_labels": [],
            "timeouts": null,
            "type": "email",
            "user_labels": {},
            "verification_status": ""
          },
          "sensitive_attributes": [],
          "private": "eyJlMmJmYjczMC1lY2FhLTExZTYtOGY4OC0zNDM2M2JjN2M0YzAiOnsiY3JlYXRlIjoyNDAwMDAwMDAwMDAsImRlbGV0ZSI6MjQwMDAwMDAwMDAwLCJ1cGRhdGUiOjI0MDAwMDAwMDAwMH19"
        }
      ]
    }
  ]
}
